
Microsoft Visual Studio Solution File, Format Version 12.00
# Visual Studio Version 16
VisualStudioVersion = 16.0.29613.14
MinimumVisualStudioVersion = 10.0.40219.1
Project("{2150E333-8FDC-42A3-9474-1A3956D46DE8}") = "Services", "Services", "{3CCAFC46-C2CD-4072-9ACB-4A4C42CA9CD9}"
EndProject
Project("{2150E333-8FDC-42A3-9474-1A3956D46DE8}") = "News", "News", "{6974852D-3D4E-4BDC-833A-B42BA65F289F}"
EndProject
Project("{2150E333-8FDC-42A3-9474-1A3956D46DE8}") = "User", "User", "{694A738F-78D2-4C73-B729-BF3604622727}"
EndProject
Project("{2150E333-8FDC-42A3-9474-1A3956D46DE8}") = "ResourceConfiguration", "ResourceConfiguration", "{98C9C34A-2A1C-49C2-8634-4E6A536F6747}"
EndProject
Project("{2150E333-8FDC-42A3-9474-1A3956D46DE8}") = "BuildingBlocks", "BuildingBlocks", "{3EB10757-62D8-4278-8506-E2F5BF78C6F3}"
EndProject
Project("{2150E333-8FDC-42A3-9474-1A3956D46DE8}") = "EventBus", "EventBus", "{67758459-9C37-46AE-9AC7-D147CCE7E1A4}"
EndProject
Project("{9A19103F-16F7-4668-BE54-9A1E7A4F7556}") = "EventBusRabbitMQ", "BuilldingBlocks\EventBus\EventBusRabbitMq\EventBusRabbitMQ.csproj", "{8C0D6724-B656-4ABF-BCBA-35745E4B85BA}"
EndProject
Project("{9A19103F-16F7-4668-BE54-9A1E7A4F7556}") = "ResourceConfiguration.API", "Services\ResourceConfiguration\ResourceConfiguration.API\ResourceConfiguration.API.csproj", "{193669E1-82F1-4D3B-A0EC-8EE215417339}"
EndProject
Project("{9A19103F-16F7-4668-BE54-9A1E7A4F7556}") = "ResourceConfiguration.BackgroundJob", "Services\ResourceConfiguration\ResourceConfiguration.BackgroundJob\ResourceConfiguration.BackgroundJob.csproj", "{12C25A5D-F10A-4DB6-BACE-8CF4162B0B18}"
EndProject
Project("{9A19103F-16F7-4668-BE54-9A1E7A4F7556}") = "ResourceConfigurator.DataAccess", "Services\ResourceConfiguration\ResourceConfigurator.DataAccess\ResourceConfigurator.DataAccess.csproj", "{8DDB53D3-14FA-4F4A-ACAF-B652C244EA29}"
EndProject
Project("{9A19103F-16F7-4668-BE54-9A1E7A4F7556}") = "ResourceConfigurator.NetworkClient", "Services\ResourceConfiguration\ResourceConfigurator.NetworkClient\ResourceConfigurator.NetworkClient.csproj", "{23254D1A-5A3C-40F9-953A-05C56BC60A20}"
EndProject
Project("{9A19103F-16F7-4668-BE54-9A1E7A4F7556}") = "ResourceConfigurator.Shared", "Services\ResourceConfiguration\ResourceConfigurator.Shared\ResourceConfigurator.Shared.csproj", "{342305D2-5F99-41D7-96D7-385CFCF72428}"
EndProject
Project("{9A19103F-16F7-4668-BE54-9A1E7A4F7556}") = "News.API", "Services\News\News.API\News.API.csproj", "{815A78BB-580F-4A35-AC58-2BF95DEA5DAB}"
EndProject
Project("{9A19103F-16F7-4668-BE54-9A1E7A4F7556}") = "News.DataAccess", "Services\News\News.DataAccess\News.DataAccess.csproj", "{A3BF8A8E-943B-4D1A-8F34-A7FBF944FC47}"
EndProject
Project("{9A19103F-16F7-4668-BE54-9A1E7A4F7556}") = "News.Shared", "Services\News\News.Shared\News.Shared.csproj", "{FF22C283-A2F3-4D2D-B6A0-01319659E20E}"
EndProject
Project("{2150E333-8FDC-42A3-9474-1A3956D46DE8}") = "Shared", "Shared", "{C6FFF250-B970-447E-8FD9-6A0EDFDBC5DB}"
EndProject
Project("{9A19103F-16F7-4668-BE54-9A1E7A4F7556}") = "NewsAggregator.Shared", "Services\Shared\NewsAggregator.Shared\NewsAggregator.Shared.csproj", "{E583A33A-C3D4-4EBC-A652-B975A69AD3DD}"
EndProject
Project("{9A19103F-16F7-4668-BE54-9A1E7A4F7556}") = "User.API", "Services\User\User.API\User.API.csproj", "{611AA050-C2B2-44BC-8ADD-D3B50AB1BFAB}"
EndProject
Project("{9A19103F-16F7-4668-BE54-9A1E7A4F7556}") = "User.BussinessLogic", "Services\User\User.BussinessLogic\User.BussinessLogic.csproj", "{E2BB1633-BE10-4024-A945-2D6B0145594E}"
EndProject
Project("{9A19103F-16F7-4668-BE54-9A1E7A4F7556}") = "User.DataAccess", "Services\User\User.DataAccess\User.DataAccess.csproj", "{405FB690-7960-468F-9209-4288F5EF5380}"
EndProject
Project("{E53339B2-1760-4266-BCC7-CA923CBCF16C}") = "docker-compose", "docker-compose.dcproj", "{52054388-90BE-45FB-8AD2-8BA667FE667C}"
EndProject
Project("{9A19103F-16F7-4668-BE54-9A1E7A4F7556}") = "User.Data", "Services\User\User.Data\User.Data.csproj", "{2B76B5FA-4473-4D28-9822-C12C2D80C5F1}"
EndProject
Project("{9A19103F-16F7-4668-BE54-9A1E7A4F7556}") = "User.Shared", "Services\User\User.Shared\User.Shared.csproj", "{A82CC6CD-5190-4847-8843-21F8A10FD0EF}"
EndProject
Project("{2150E333-8FDC-42A3-9474-1A3956D46DE8}") = "Writer", "Writer", "{A68FEBDE-D143-4931-9C43-7E431E611DF0}"
EndProject
Project("{9A19103F-16F7-4668-BE54-9A1E7A4F7556}") = "Writer.DataAccess", "Services\Writer\Writer.DataAccess\Writer.DataAccess.csproj", "{EA1C8755-545B-42F6-9DB2-E87EABFAD246}"
EndProject
Project("{9A19103F-16F7-4668-BE54-9A1E7A4F7556}") = "Writer.API", "Services\Writer\Writer.API\Writer.API.csproj", "{F482F9EE-CBB1-4286-B657-8FD6B7D25C2F}"
EndProject
Project("{2150E333-8FDC-42A3-9474-1A3956D46DE8}") = "Reader", "Reader", "{BDA08814-11EE-477A-B23A-5A50F0487D20}"
EndProject
Project("{9A19103F-16F7-4668-BE54-9A1E7A4F7556}") = "Reader.API", "Services\Reader\Reader.API\Reader.API.csproj", "{592485A5-0C4F-4EA4-AF22-B34AAA1000DE}"
EndProject
Project("{9A19103F-16F7-4668-BE54-9A1E7A4F7556}") = "Reader.DataAccess", "Services\Reader\Reader.DataAccess\Reader.DataAccess.csproj", "{404BF0AB-EABC-499E-B1F5-45B8F574B2F9}"
EndProject
Project("{9A19103F-16F7-4668-BE54-9A1E7A4F7556}") = "News.BussinessLogic", "Services\News\News.BussinessLogic\News.BussinessLogic.csproj", "{20151DEB-2E2D-45AA-9ABA-E640085EFA2B}"
EndProject
Project("{9A19103F-16F7-4668-BE54-9A1E7A4F7556}") = "Writer.BussinessLogic", "Services\Writer\Writer.BussinessLogic\Writer.BussinessLogic.csproj", "{04CF5608-D81A-49A5-8825-ADA87A96DDE8}"
EndProject
Project("{2150E333-8FDC-42A3-9474-1A3956D46DE8}") = "Test", "Test", "{11C59134-D690-4F3A-9D3C-2318CAA34666}"
EndProject
Project("{9A19103F-16F7-4668-BE54-9A1E7A4F7556}") = "Writer.Shared", "Services\Writer\Writer.Shared\Writer.Shared.csproj", "{D6189ECE-BDAB-4380-B0D8-2B4AC4B24AA5}"
EndProject
Project("{9A19103F-16F7-4668-BE54-9A1E7A4F7556}") = "EventBus.Test", "BuilldingBlocks\EventBus.Test\EventBus.Test.csproj", "{E92009B1-61CB-4C10-ADCD-DC551473C125}"
EndProject
Project("{9A19103F-16F7-4668-BE54-9A1E7A4F7556}") = "Reader.BussinessLogic", "Services\Reader\Reader.BussinessLogic\Reader.BussinessLogic.csproj", "{11DEC7ED-2E34-4A75-AACC-67BC62F5A9EC}"
EndProject
Project("{9A19103F-16F7-4668-BE54-9A1E7A4F7556}") = "Writer.UnitTests", "Services\Writer\Writer.UnitTests\Writer.UnitTests.csproj", "{28AEDFC2-8E24-44D7-A7E2-4175E16C8D17}"
EndProject
Project("{FAE04EC0-301F-11D3-BF4B-00C04F79EFBC}") = "Reader.Shared", "Services\Reader\Reader.Shared\Reader.Shared.csproj", "{6962D99D-E2FE-4772-8AFC-F097368B20DE}"
EndProject
Global
	GlobalSection(SolutionConfigurationPlatforms) = preSolution
		Debug|Any CPU = Debug|Any CPU
		Release|Any CPU = Release|Any CPU
	EndGlobalSection
	GlobalSection(ProjectConfigurationPlatforms) = postSolution
		{8C0D6724-B656-4ABF-BCBA-35745E4B85BA}.Debug|Any CPU.ActiveCfg = Debug|Any CPU
		{8C0D6724-B656-4ABF-BCBA-35745E4B85BA}.Debug|Any CPU.Build.0 = Debug|Any CPU
		{8C0D6724-B656-4ABF-BCBA-35745E4B85BA}.Release|Any CPU.ActiveCfg = Release|Any CPU
		{8C0D6724-B656-4ABF-BCBA-35745E4B85BA}.Release|Any CPU.Build.0 = Release|Any CPU
		{193669E1-82F1-4D3B-A0EC-8EE215417339}.Debug|Any CPU.ActiveCfg = Debug|Any CPU
		{193669E1-82F1-4D3B-A0EC-8EE215417339}.Debug|Any CPU.Build.0 = Debug|Any CPU
		{193669E1-82F1-4D3B-A0EC-8EE215417339}.Release|Any CPU.ActiveCfg = Release|Any CPU
		{193669E1-82F1-4D3B-A0EC-8EE215417339}.Release|Any CPU.Build.0 = Release|Any CPU
		{12C25A5D-F10A-4DB6-BACE-8CF4162B0B18}.Debug|Any CPU.ActiveCfg = Debug|Any CPU
		{12C25A5D-F10A-4DB6-BACE-8CF4162B0B18}.Debug|Any CPU.Build.0 = Debug|Any CPU
		{12C25A5D-F10A-4DB6-BACE-8CF4162B0B18}.Release|Any CPU.ActiveCfg = Release|Any CPU
		{12C25A5D-F10A-4DB6-BACE-8CF4162B0B18}.Release|Any CPU.Build.0 = Release|Any CPU
		{8DDB53D3-14FA-4F4A-ACAF-B652C244EA29}.Debug|Any CPU.ActiveCfg = Debug|Any CPU
		{8DDB53D3-14FA-4F4A-ACAF-B652C244EA29}.Debug|Any CPU.Build.0 = Debug|Any CPU
		{8DDB53D3-14FA-4F4A-ACAF-B652C244EA29}.Release|Any CPU.ActiveCfg = Release|Any CPU
		{8DDB53D3-14FA-4F4A-ACAF-B652C244EA29}.Release|Any CPU.Build.0 = Release|Any CPU
		{23254D1A-5A3C-40F9-953A-05C56BC60A20}.Debug|Any CPU.ActiveCfg = Debug|Any CPU
		{23254D1A-5A3C-40F9-953A-05C56BC60A20}.Debug|Any CPU.Build.0 = Debug|Any CPU
		{23254D1A-5A3C-40F9-953A-05C56BC60A20}.Release|Any CPU.ActiveCfg = Release|Any CPU
		{23254D1A-5A3C-40F9-953A-05C56BC60A20}.Release|Any CPU.Build.0 = Release|Any CPU
		{342305D2-5F99-41D7-96D7-385CFCF72428}.Debug|Any CPU.ActiveCfg = Debug|Any CPU
		{342305D2-5F99-41D7-96D7-385CFCF72428}.Debug|Any CPU.Build.0 = Debug|Any CPU
		{342305D2-5F99-41D7-96D7-385CFCF72428}.Release|Any CPU.ActiveCfg = Release|Any CPU
		{342305D2-5F99-41D7-96D7-385CFCF72428}.Release|Any CPU.Build.0 = Release|Any CPU
		{815A78BB-580F-4A35-AC58-2BF95DEA5DAB}.Debug|Any CPU.ActiveCfg = Debug|Any CPU
		{815A78BB-580F-4A35-AC58-2BF95DEA5DAB}.Debug|Any CPU.Build.0 = Debug|Any CPU
		{815A78BB-580F-4A35-AC58-2BF95DEA5DAB}.Release|Any CPU.ActiveCfg = Release|Any CPU
		{815A78BB-580F-4A35-AC58-2BF95DEA5DAB}.Release|Any CPU.Build.0 = Release|Any CPU
		{A3BF8A8E-943B-4D1A-8F34-A7FBF944FC47}.Debug|Any CPU.ActiveCfg = Debug|Any CPU
		{A3BF8A8E-943B-4D1A-8F34-A7FBF944FC47}.Debug|Any CPU.Build.0 = Debug|Any CPU
		{A3BF8A8E-943B-4D1A-8F34-A7FBF944FC47}.Release|Any CPU.ActiveCfg = Release|Any CPU
		{A3BF8A8E-943B-4D1A-8F34-A7FBF944FC47}.Release|Any CPU.Build.0 = Release|Any CPU
		{FF22C283-A2F3-4D2D-B6A0-01319659E20E}.Debug|Any CPU.ActiveCfg = Debug|Any CPU
		{FF22C283-A2F3-4D2D-B6A0-01319659E20E}.Debug|Any CPU.Build.0 = Debug|Any CPU
		{FF22C283-A2F3-4D2D-B6A0-01319659E20E}.Release|Any CPU.ActiveCfg = Release|Any CPU
		{FF22C283-A2F3-4D2D-B6A0-01319659E20E}.Release|Any CPU.Build.0 = Release|Any CPU
		{E583A33A-C3D4-4EBC-A652-B975A69AD3DD}.Debug|Any CPU.ActiveCfg = Debug|Any CPU
		{E583A33A-C3D4-4EBC-A652-B975A69AD3DD}.Debug|Any CPU.Build.0 = Debug|Any CPU
		{E583A33A-C3D4-4EBC-A652-B975A69AD3DD}.Release|Any CPU.ActiveCfg = Release|Any CPU
		{E583A33A-C3D4-4EBC-A652-B975A69AD3DD}.Release|Any CPU.Build.0 = Release|Any CPU
		{611AA050-C2B2-44BC-8ADD-D3B50AB1BFAB}.Debug|Any CPU.ActiveCfg = Debug|Any CPU
		{611AA050-C2B2-44BC-8ADD-D3B50AB1BFAB}.Debug|Any CPU.Build.0 = Debug|Any CPU
		{611AA050-C2B2-44BC-8ADD-D3B50AB1BFAB}.Release|Any CPU.ActiveCfg = Release|Any CPU
		{611AA050-C2B2-44BC-8ADD-D3B50AB1BFAB}.Release|Any CPU.Build.0 = Release|Any CPU
		{E2BB1633-BE10-4024-A945-2D6B0145594E}.Debug|Any CPU.ActiveCfg = Debug|Any CPU
		{E2BB1633-BE10-4024-A945-2D6B0145594E}.Debug|Any CPU.Build.0 = Debug|Any CPU
		{E2BB1633-BE10-4024-A945-2D6B0145594E}.Release|Any CPU.ActiveCfg = Release|Any CPU
		{E2BB1633-BE10-4024-A945-2D6B0145594E}.Release|Any CPU.Build.0 = Release|Any CPU
		{405FB690-7960-468F-9209-4288F5EF5380}.Debug|Any CPU.ActiveCfg = Debug|Any CPU
		{405FB690-7960-468F-9209-4288F5EF5380}.Debug|Any CPU.Build.0 = Debug|Any CPU
		{405FB690-7960-468F-9209-4288F5EF5380}.Release|Any CPU.ActiveCfg = Release|Any CPU
		{405FB690-7960-468F-9209-4288F5EF5380}.Release|Any CPU.Build.0 = Release|Any CPU
		{52054388-90BE-45FB-8AD2-8BA667FE667C}.Debug|Any CPU.ActiveCfg = Debug|Any CPU
		{52054388-90BE-45FB-8AD2-8BA667FE667C}.Debug|Any CPU.Build.0 = Debug|Any CPU
		{52054388-90BE-45FB-8AD2-8BA667FE667C}.Release|Any CPU.ActiveCfg = Release|Any CPU
		{52054388-90BE-45FB-8AD2-8BA667FE667C}.Release|Any CPU.Build.0 = Release|Any CPU
		{2B76B5FA-4473-4D28-9822-C12C2D80C5F1}.Debug|Any CPU.ActiveCfg = Debug|Any CPU
		{2B76B5FA-4473-4D28-9822-C12C2D80C5F1}.Debug|Any CPU.Build.0 = Debug|Any CPU
		{2B76B5FA-4473-4D28-9822-C12C2D80C5F1}.Release|Any CPU.ActiveCfg = Release|Any CPU
		{2B76B5FA-4473-4D28-9822-C12C2D80C5F1}.Release|Any CPU.Build.0 = Release|Any CPU
		{A82CC6CD-5190-4847-8843-21F8A10FD0EF}.Debug|Any CPU.ActiveCfg = Debug|Any CPU
		{A82CC6CD-5190-4847-8843-21F8A10FD0EF}.Debug|Any CPU.Build.0 = Debug|Any CPU
		{A82CC6CD-5190-4847-8843-21F8A10FD0EF}.Release|Any CPU.ActiveCfg = Release|Any CPU
		{A82CC6CD-5190-4847-8843-21F8A10FD0EF}.Release|Any CPU.Build.0 = Release|Any CPU
		{EA1C8755-545B-42F6-9DB2-E87EABFAD246}.Debug|Any CPU.ActiveCfg = Debug|Any CPU
		{EA1C8755-545B-42F6-9DB2-E87EABFAD246}.Debug|Any CPU.Build.0 = Debug|Any CPU
		{EA1C8755-545B-42F6-9DB2-E87EABFAD246}.Release|Any CPU.ActiveCfg = Release|Any CPU
		{EA1C8755-545B-42F6-9DB2-E87EABFAD246}.Release|Any CPU.Build.0 = Release|Any CPU
		{F482F9EE-CBB1-4286-B657-8FD6B7D25C2F}.Debug|Any CPU.ActiveCfg = Debug|Any CPU
		{F482F9EE-CBB1-4286-B657-8FD6B7D25C2F}.Debug|Any CPU.Build.0 = Debug|Any CPU
		{F482F9EE-CBB1-4286-B657-8FD6B7D25C2F}.Release|Any CPU.ActiveCfg = Release|Any CPU
		{F482F9EE-CBB1-4286-B657-8FD6B7D25C2F}.Release|Any CPU.Build.0 = Release|Any CPU
		{592485A5-0C4F-4EA4-AF22-B34AAA1000DE}.Debug|Any CPU.ActiveCfg = Debug|Any CPU
		{592485A5-0C4F-4EA4-AF22-B34AAA1000DE}.Debug|Any CPU.Build.0 = Debug|Any CPU
		{592485A5-0C4F-4EA4-AF22-B34AAA1000DE}.Release|Any CPU.ActiveCfg = Release|Any CPU
		{592485A5-0C4F-4EA4-AF22-B34AAA1000DE}.Release|Any CPU.Build.0 = Release|Any CPU
		{404BF0AB-EABC-499E-B1F5-45B8F574B2F9}.Debug|Any CPU.ActiveCfg = Debug|Any CPU
		{404BF0AB-EABC-499E-B1F5-45B8F574B2F9}.Debug|Any CPU.Build.0 = Debug|Any CPU
		{404BF0AB-EABC-499E-B1F5-45B8F574B2F9}.Release|Any CPU.ActiveCfg = Release|Any CPU
		{404BF0AB-EABC-499E-B1F5-45B8F574B2F9}.Release|Any CPU.Build.0 = Release|Any CPU
		{20151DEB-2E2D-45AA-9ABA-E640085EFA2B}.Debug|Any CPU.ActiveCfg = Debug|Any CPU
		{20151DEB-2E2D-45AA-9ABA-E640085EFA2B}.Debug|Any CPU.Build.0 = Debug|Any CPU
		{20151DEB-2E2D-45AA-9ABA-E640085EFA2B}.Release|Any CPU.ActiveCfg = Release|Any CPU
		{20151DEB-2E2D-45AA-9ABA-E640085EFA2B}.Release|Any CPU.Build.0 = Release|Any CPU
		{04CF5608-D81A-49A5-8825-ADA87A96DDE8}.Debug|Any CPU.ActiveCfg = Debug|Any CPU
		{04CF5608-D81A-49A5-8825-ADA87A96DDE8}.Debug|Any CPU.Build.0 = Debug|Any CPU
		{04CF5608-D81A-49A5-8825-ADA87A96DDE8}.Release|Any CPU.ActiveCfg = Release|Any CPU
		{04CF5608-D81A-49A5-8825-ADA87A96DDE8}.Release|Any CPU.Build.0 = Release|Any CPU
		{D6189ECE-BDAB-4380-B0D8-2B4AC4B24AA5}.Debug|Any CPU.ActiveCfg = Debug|Any CPU
		{D6189ECE-BDAB-4380-B0D8-2B4AC4B24AA5}.Debug|Any CPU.Build.0 = Debug|Any CPU
		{D6189ECE-BDAB-4380-B0D8-2B4AC4B24AA5}.Release|Any CPU.ActiveCfg = Release|Any CPU
		{D6189ECE-BDAB-4380-B0D8-2B4AC4B24AA5}.Release|Any CPU.Build.0 = Release|Any CPU
		{E92009B1-61CB-4C10-ADCD-DC551473C125}.Debug|Any CPU.ActiveCfg = Debug|Any CPU
		{E92009B1-61CB-4C10-ADCD-DC551473C125}.Debug|Any CPU.Build.0 = Debug|Any CPU
		{E92009B1-61CB-4C10-ADCD-DC551473C125}.Release|Any CPU.ActiveCfg = Release|Any CPU
		{E92009B1-61CB-4C10-ADCD-DC551473C125}.Release|Any CPU.Build.0 = Release|Any CPU
		{11DEC7ED-2E34-4A75-AACC-67BC62F5A9EC}.Debug|Any CPU.ActiveCfg = Debug|Any CPU
		{11DEC7ED-2E34-4A75-AACC-67BC62F5A9EC}.Debug|Any CPU.Build.0 = Debug|Any CPU
		{11DEC7ED-2E34-4A75-AACC-67BC62F5A9EC}.Release|Any CPU.ActiveCfg = Release|Any CPU
		{11DEC7ED-2E34-4A75-AACC-67BC62F5A9EC}.Release|Any CPU.Build.0 = Release|Any CPU
		{28AEDFC2-8E24-44D7-A7E2-4175E16C8D17}.Debug|Any CPU.ActiveCfg = Debug|Any CPU
		{28AEDFC2-8E24-44D7-A7E2-4175E16C8D17}.Debug|Any CPU.Build.0 = Debug|Any CPU
		{28AEDFC2-8E24-44D7-A7E2-4175E16C8D17}.Release|Any CPU.ActiveCfg = Release|Any CPU
		{28AEDFC2-8E24-44D7-A7E2-4175E16C8D17}.Release|Any CPU.Build.0 = Release|Any CPU
		{6962D99D-E2FE-4772-8AFC-F097368B20DE}.Debug|Any CPU.ActiveCfg = Debug|Any CPU
		{6962D99D-E2FE-4772-8AFC-F097368B20DE}.Debug|Any CPU.Build.0 = Debug|Any CPU
		{6962D99D-E2FE-4772-8AFC-F097368B20DE}.Release|Any CPU.ActiveCfg = Release|Any CPU
		{6962D99D-E2FE-4772-8AFC-F097368B20DE}.Release|Any CPU.Build.0 = Release|Any CPU
	EndGlobalSection
	GlobalSection(SolutionProperties) = preSolution
		HideSolutionNode = FALSE
	EndGlobalSection
	GlobalSection(NestedProjects) = preSolution
		{6974852D-3D4E-4BDC-833A-B42BA65F289F} = {3CCAFC46-C2CD-4072-9ACB-4A4C42CA9CD9}
		{694A738F-78D2-4C73-B729-BF3604622727} = {3CCAFC46-C2CD-4072-9ACB-4A4C42CA9CD9}
		{98C9C34A-2A1C-49C2-8634-4E6A536F6747} = {3CCAFC46-C2CD-4072-9ACB-4A4C42CA9CD9}
		{67758459-9C37-46AE-9AC7-D147CCE7E1A4} = {3EB10757-62D8-4278-8506-E2F5BF78C6F3}
		{8C0D6724-B656-4ABF-BCBA-35745E4B85BA} = {67758459-9C37-46AE-9AC7-D147CCE7E1A4}
		{193669E1-82F1-4D3B-A0EC-8EE215417339} = {98C9C34A-2A1C-49C2-8634-4E6A536F6747}
		{12C25A5D-F10A-4DB6-BACE-8CF4162B0B18} = {98C9C34A-2A1C-49C2-8634-4E6A536F6747}
		{8DDB53D3-14FA-4F4A-ACAF-B652C244EA29} = {98C9C34A-2A1C-49C2-8634-4E6A536F6747}
		{23254D1A-5A3C-40F9-953A-05C56BC60A20} = {98C9C34A-2A1C-49C2-8634-4E6A536F6747}
		{342305D2-5F99-41D7-96D7-385CFCF72428} = {98C9C34A-2A1C-49C2-8634-4E6A536F6747}
		{815A78BB-580F-4A35-AC58-2BF95DEA5DAB} = {6974852D-3D4E-4BDC-833A-B42BA65F289F}
		{A3BF8A8E-943B-4D1A-8F34-A7FBF944FC47} = {6974852D-3D4E-4BDC-833A-B42BA65F289F}
		{FF22C283-A2F3-4D2D-B6A0-01319659E20E} = {6974852D-3D4E-4BDC-833A-B42BA65F289F}
		{C6FFF250-B970-447E-8FD9-6A0EDFDBC5DB} = {3CCAFC46-C2CD-4072-9ACB-4A4C42CA9CD9}
		{E583A33A-C3D4-4EBC-A652-B975A69AD3DD} = {C6FFF250-B970-447E-8FD9-6A0EDFDBC5DB}
		{611AA050-C2B2-44BC-8ADD-D3B50AB1BFAB} = {694A738F-78D2-4C73-B729-BF3604622727}
		{E2BB1633-BE10-4024-A945-2D6B0145594E} = {694A738F-78D2-4C73-B729-BF3604622727}
		{405FB690-7960-468F-9209-4288F5EF5380} = {694A738F-78D2-4C73-B729-BF3604622727}
		{2B76B5FA-4473-4D28-9822-C12C2D80C5F1} = {694A738F-78D2-4C73-B729-BF3604622727}
		{A82CC6CD-5190-4847-8843-21F8A10FD0EF} = {694A738F-78D2-4C73-B729-BF3604622727}
		{A68FEBDE-D143-4931-9C43-7E431E611DF0} = {3CCAFC46-C2CD-4072-9ACB-4A4C42CA9CD9}
		{EA1C8755-545B-42F6-9DB2-E87EABFAD246} = {A68FEBDE-D143-4931-9C43-7E431E611DF0}
		{F482F9EE-CBB1-4286-B657-8FD6B7D25C2F} = {A68FEBDE-D143-4931-9C43-7E431E611DF0}
		{BDA08814-11EE-477A-B23A-5A50F0487D20} = {3CCAFC46-C2CD-4072-9ACB-4A4C42CA9CD9}
		{592485A5-0C4F-4EA4-AF22-B34AAA1000DE} = {BDA08814-11EE-477A-B23A-5A50F0487D20}
		{404BF0AB-EABC-499E-B1F5-45B8F574B2F9} = {BDA08814-11EE-477A-B23A-5A50F0487D20}
		{20151DEB-2E2D-45AA-9ABA-E640085EFA2B} = {6974852D-3D4E-4BDC-833A-B42BA65F289F}
		{04CF5608-D81A-49A5-8825-ADA87A96DDE8} = {A68FEBDE-D143-4931-9C43-7E431E611DF0}
		{11C59134-D690-4F3A-9D3C-2318CAA34666} = {3EB10757-62D8-4278-8506-E2F5BF78C6F3}
		{D6189ECE-BDAB-4380-B0D8-2B4AC4B24AA5} = {A68FEBDE-D143-4931-9C43-7E431E611DF0}
		{E92009B1-61CB-4C10-ADCD-DC551473C125} = {11C59134-D690-4F3A-9D3C-2318CAA34666}
		{11DEC7ED-2E34-4A75-AACC-67BC62F5A9EC} = {BDA08814-11EE-477A-B23A-5A50F0487D20}
		{28AEDFC2-8E24-44D7-A7E2-4175E16C8D17} = {A68FEBDE-D143-4931-9C43-7E431E611DF0}
		{6962D99D-E2FE-4772-8AFC-F097368B20DE} = {BDA08814-11EE-477A-B23A-5A50F0487D20}
	EndGlobalSection
	GlobalSection(ExtensibilityGlobals) = postSolution
		SolutionGuid = {25E8E551-6190-435A-A26D-C5E8AD62C320}
	EndGlobalSection
EndGlobal
